
Microsoft Visual Studio Solution File, Format Version 12.00
# Visual Studio Version 16
VisualStudioVersion = 16.0.29215.179
MinimumVisualStudioVersion = 10.0.40219.1
Project("{FAE04EC0-301F-11D3-BF4B-00C04F79EFBC}") = "BepInEx.IPALoader", "BepInEx.IPALoader\BepInEx.IPALoader.csproj", "{780F5E83-2A6B-4EA0-9476-449F5D96D56F}"
EndProject
Project("{FAE04EC0-301F-11D3-BF4B-00C04F79EFBC}") = "BepInEx.IPAVirtualizer", "BepInEx.IPAVirtualizer\BepInEx.IPAVirtualizer.csproj", "{4E636178-ADD9-4306-BE77-357ADFB13AAB}"
EndProject
Project("{FAE04EC0-301F-11D3-BF4B-00C04F79EFBC}") = "BepInEx.IPAHarmonyShimmer", "BepInEx.IPAHarmonyShimmer\BepInEx.IPAHarmonyShimmer.csproj", "{B022796F-A80E-41FE-AECF-D5BF2FDB0196}"
EndProject
Global
	GlobalSection(SolutionConfigurationPlatforms) = preSolution
		Debug|Any CPU = Debug|Any CPU
		Release|Any CPU = Release|Any CPU
	EndGlobalSection
	GlobalSection(ProjectConfigurationPlatforms) = postSolution
		{780F5E83-2A6B-4EA0-9476-449F5D96D56F}.Debug|Any CPU.ActiveCfg = Debug|Any CPU
		{780F5E83-2A6B-4EA0-9476-449F5D96D56F}.Debug|Any CPU.Build.0 = Debug|Any CPU
		{780F5E83-2A6B-4EA0-9476-449F5D96D56F}.Release|Any CPU.ActiveCfg = Release|Any CPU
		{780F5E83-2A6B-4EA0-9476-449F5D96D56F}.Release|Any CPU.Build.0 = Release|Any CPU
		{4E636178-ADD9-4306-BE77-357ADFB13AAB}.Debug|Any CPU.ActiveCfg = Debug|Any CPU
		{4E636178-ADD9-4306-BE77-357ADFB13AAB}.Debug|Any CPU.Build.0 = Debug|Any CPU
		{4E636178-ADD9-4306-BE77-357ADFB13AAB}.Release|Any CPU.ActiveCfg = Release|Any CPU
		{4E636178-ADD9-4306-BE77-357ADFB13AAB}.Release|Any CPU.Build.0 = Release|Any CPU
		{B022796F-A80E-41FE-AECF-D5BF2FDB0196}.Debug|Any CPU.ActiveCfg = Debug|Any CPU
		{B022796F-A80E-41FE-AECF-D5BF2FDB0196}.Debug|Any CPU.Build.0 = Debug|Any CPU
		{B022796F-A80E-41FE-AECF-D5BF2FDB0196}.Release|Any CPU.ActiveCfg = Release|Any CPU
		{B022796F-A80E-41FE-AECF-D5BF2FDB0196}.Release|Any CPU.Build.0 = Release|Any CPU
	EndGlobalSection
	GlobalSection(SolutionProperties) = preSolution
		HideSolutionNode = FALSE
	EndGlobalSection
	GlobalSection(ExtensibilityGlobals) = postSolution
		SolutionGuid = {EA1E8267-32CE-4454-8AC6-B6CD0E592CDE}
	EndGlobalSection
EndGlobal
