
Microsoft Visual Studio Solution File, Format Version 12.00
# Visual Studio 15
VisualStudioVersion = 15.0.28307.168
MinimumVisualStudioVersion = 10.0.40219.1
Project("{FAE04EC0-301F-11D3-BF4B-00C04F79EFBC}") = "IPALoaderX", "IPALoaderX\IPALoaderX.csproj", "{780F5E83-2A6B-4EA0-9476-449F5D96D56F}"
EndProject
Project("{FAE04EC0-301F-11D3-BF4B-00C04F79EFBC}") = "IPAVirtualizer", "IPAVirtualizer\IPAVirtualizer.csproj", "{4E636178-ADD9-4306-BE77-357ADFB13AAB}"
EndProject
Global
	GlobalSection(SolutionConfigurationPlatforms) = preSolution
		Debug|Any CPU = Debug|Any CPU
		Release|Any CPU = Release|Any CPU
	EndGlobalSection
	GlobalSection(ProjectConfigurationPlatforms) = postSolution
		{780F5E83-2A6B-4EA0-9476-449F5D96D56F}.Debug|Any CPU.ActiveCfg = Debug|Any CPU
		{780F5E83-2A6B-4EA0-9476-449F5D96D56F}.Debug|Any CPU.Build.0 = Debug|Any CPU
		{780F5E83-2A6B-4EA0-9476-449F5D96D56F}.Release|Any CPU.ActiveCfg = Release|Any CPU
		{780F5E83-2A6B-4EA0-9476-449F5D96D56F}.Release|Any CPU.Build.0 = Release|Any CPU
		{4E636178-ADD9-4306-BE77-357ADFB13AAB}.Debug|Any CPU.ActiveCfg = Debug|Any CPU
		{4E636178-ADD9-4306-BE77-357ADFB13AAB}.Debug|Any CPU.Build.0 = Debug|Any CPU
		{4E636178-ADD9-4306-BE77-357ADFB13AAB}.Release|Any CPU.ActiveCfg = Release|Any CPU
		{4E636178-ADD9-4306-BE77-357ADFB13AAB}.Release|Any CPU.Build.0 = Release|Any CPU
	EndGlobalSection
	GlobalSection(SolutionProperties) = preSolution
		HideSolutionNode = FALSE
	EndGlobalSection
	GlobalSection(ExtensibilityGlobals) = postSolution
		SolutionGuid = {EA1E8267-32CE-4454-8AC6-B6CD0E592CDE}
	EndGlobalSection
EndGlobal
